{
  "name": "niyigaba_emmellien_guillaume_national",
  "version": "1.0.0",
  "lockfileVersion": 3,
  "requires": true,
  "packages": {
    "": {
      "name": "niyigaba_emmellien_guillaume_national",
      "version": "1.0.0",
      "license": "ISC",
      "dependencies": {
        "niyigaba_emmellien_guillaume": "^1.0.0"
      }
    },
    "node_modules/niyigaba_emmellien_guillaume": {
      "version": "1.0.0",
      "resolved": "https://registry.npmjs.org/niyigaba_emmellien_guillaume/-/niyigaba_emmellien_guillaume-1.0.0.tgz",
      "integrity": "sha512-qFjlAZsatJiHeilILseXzopOMeP4/L3OmA8APtEIHBHb0pLS5h7FeLWeBb7aIm8woSitZIYGVHo+82rymIwnZw==",
      "license": "ISC"
    }
  }
}
